// !$*UTF8*$!
{
	archiveVersion = 1;
	classes = {
	};
	objectVersion = 46;
	objects = {

/* Begin PBXBuildFile section */
		402393B91BC5FDCA00FD5347 /* Main.storyboard in Resources */ = {isa = PBXBuildFile; fileRef = 402393B81BC5FDCA00FD5347 /* Main.storyboard */; };
		402393BB1BC6018500FD5347 /* Launch.storyboard in Resources */ = {isa = PBXBuildFile; fileRef = 402393BA1BC6018500FD5347 /* Launch.storyboard */; };
		5CA6F41B1BFECF8300BF7C86 /* LMLabel.m in Sources */ = {isa = PBXBuildFile; fileRef = 5CA6F41A1BFECF8300BF7C86 /* LMLabel.m */; };
		62C9435A193AEC5300A929FD /* Foundation.framework in Frameworks */ = {isa = PBXBuildFile; fileRef = 62C94359193AEC5300A929FD /* Foundation.framework */; };
		62C9435C193AEC5300A929FD /* CoreGraphics.framework in Frameworks */ = {isa = PBXBuildFile; fileRef = 62C9435B193AEC5300A929FD /* CoreGraphics.framework */; };
		62C9435E193AEC5300A929FD /* UIKit.framework in Frameworks */ = {isa = PBXBuildFile; fileRef = 62C9435D193AEC5300A929FD /* UIKit.framework */; };
		62C94364193AEC5300A929FD /* InfoPlist.strings in Resources */ = {isa = PBXBuildFile; fileRef = 62C94362193AEC5300A929FD /* InfoPlist.strings */; };
		62C94366193AEC5300A929FD /* main.m in Sources */ = {isa = PBXBuildFile; fileRef = 62C94365193AEC5300A929FD /* main.m */; };
		62C9436A193AEC5300A929FD /* LMAppDelegate.m in Sources */ = {isa = PBXBuildFile; fileRef = 62C94369193AEC5300A929FD /* LMAppDelegate.m */; };
		62C94370193AEC5300A929FD /* LMViewController.m in Sources */ = {isa = PBXBuildFile; fileRef = 62C9436F193AEC5300A929FD /* LMViewController.m */; };
		62C94372193AEC5300A929FD /* Images.xcassets in Resources */ = {isa = PBXBuildFile; fileRef = 62C94371193AEC5300A929FD /* Images.xcassets */; };
		62C943A7193B25CF00A929FD /* CoreLocation.framework in Frameworks */ = {isa = PBXBuildFile; fileRef = 62C943A6193B25CF00A929FD /* CoreLocation.framework */; };
		62C943A9193B316200A929FD /* AVFoundation.framework in Frameworks */ = {isa = PBXBuildFile; fileRef = 62C943A8193B316200A929FD /* AVFoundation.framework */; };
		BB49FC9A216F6EBE00B57D26 /* LMGeocoderFramework.h in Headers */ = {isa = PBXBuildFile; fileRef = BB49FC98216F6EBE00B57D26 /* LMGeocoderFramework.h */; settings = {ATTRIBUTES = (Public, ); }; };
		BB49FC9D216F6EBE00B57D26 /* LMGeocoderFramework.framework in Frameworks */ = {isa = PBXBuildFile; fileRef = BB49FC96216F6EBE00B57D26 /* LMGeocoderFramework.framework */; };
		BB49FC9E216F6EBE00B57D26 /* LMGeocoderFramework.framework in Embed Frameworks */ = {isa = PBXBuildFile; fileRef = BB49FC96216F6EBE00B57D26 /* LMGeocoderFramework.framework */; settings = {ATTRIBUTES = (CodeSignOnCopy, RemoveHeadersOnCopy, ); }; };
		BB49FCA3216F6ED300B57D26 /* LMAddress.m in Sources */ = {isa = PBXBuildFile; fileRef = 62C94390193AF00100A929FD /* LMAddress.m */; };
		BB49FCA4216F6ED300B57D26 /* LMGeocoder.m in Sources */ = {isa = PBXBuildFile; fileRef = 62C94392193AF00100A929FD /* LMGeocoder.m */; };
		BB49FCA5216F6F6C00B57D26 /* LMGeocoder.h in Headers */ = {isa = PBXBuildFile; fileRef = 62C94391193AF00100A929FD /* LMGeocoder.h */; };
		BB49FCA6216F6F6C00B57D26 /* LMAddress.h in Headers */ = {isa = PBXBuildFile; fileRef = 62C9438F193AF00100A929FD /* LMAddress.h */; };
/* End PBXBuildFile section */

/* Begin PBXContainerItemProxy section */
		BB49FC9B216F6EBE00B57D26 /* PBXContainerItemProxy */ = {
			isa = PBXContainerItemProxy;
			containerPortal = 62C9434E193AEC5300A929FD /* Project object */;
			proxyType = 1;
			remoteGlobalIDString = BB49FC95216F6EBE00B57D26;
			remoteInfo = LMGeocoderFramework;
		};
/* End PBXContainerItemProxy section */

/* Begin PBXCopyFilesBuildPhase section */
		BB49FCA2216F6EBE00B57D26 /* Embed Frameworks */ = {
			isa = PBXCopyFilesBuildPhase;
			buildActionMask = 2147483647;
			dstPath = "";
			dstSubfolderSpec = 10;
			files = (
				BB49FC9E216F6EBE00B57D26 /* LMGeocoderFramework.framework in Embed Frameworks */,
			);
			name = "Embed Frameworks";
			runOnlyForDeploymentPostprocessing = 0;
		};
/* End PBXCopyFilesBuildPhase section */

/* Begin PBXFileReference section */
		402393B81BC5FDCA00FD5347 /* Main.storyboard */ = {isa = PBXFileReference; fileEncoding = 4; lastKnownFileType = file.storyboard; path = Main.storyboard; sourceTree = "<group>"; };
		402393BA1BC6018500FD5347 /* Launch.storyboard */ = {isa = PBXFileReference; fileEncoding = 4; lastKnownFileType = file.storyboard; path = Launch.storyboard; sourceTree = "<group>"; };
		5CA6F4191BFECF8300BF7C86 /* LMLabel.h */ = {isa = PBXFileReference; fileEncoding = 4; lastKnownFileType = sourcecode.c.h; path = LMLabel.h; sourceTree = "<group>"; };
		5CA6F41A1BFECF8300BF7C86 /* LMLabel.m */ = {isa = PBXFileReference; fileEncoding = 4; lastKnownFileType = sourcecode.c.objc; path = LMLabel.m; sourceTree = "<group>"; };
		62C94356193AEC5300A929FD /* LMGeocoder.app */ = {isa = PBXFileReference; explicitFileType = wrapper.application; includeInIndex = 0; path = LMGeocoder.app; sourceTree = BUILT_PRODUCTS_DIR; };
		62C94359193AEC5300A929FD /* Foundation.framework */ = {isa = PBXFileReference; lastKnownFileType = wrapper.framework; name = Foundation.framework; path = System/Library/Frameworks/Foundation.framework; sourceTree = SDKROOT; };
		62C9435B193AEC5300A929FD /* CoreGraphics.framework */ = {isa = PBXFileReference; lastKnownFileType = wrapper.framework; name = CoreGraphics.framework; path = System/Library/Frameworks/CoreGraphics.framework; sourceTree = SDKROOT; };
		62C9435D193AEC5300A929FD /* UIKit.framework */ = {isa = PBXFileReference; lastKnownFileType = wrapper.framework; name = UIKit.framework; path = System/Library/Frameworks/UIKit.framework; sourceTree = SDKROOT; };
		62C94361193AEC5300A929FD /* LMGeocoder-Info.plist */ = {isa = PBXFileReference; lastKnownFileType = text.plist.xml; path = "LMGeocoder-Info.plist"; sourceTree = "<group>"; };
		62C94363193AEC5300A929FD /* en */ = {isa = PBXFileReference; lastKnownFileType = text.plist.strings; name = en; path = en.lproj/InfoPlist.strings; sourceTree = "<group>"; };
		62C94365193AEC5300A929FD /* main.m */ = {isa = PBXFileReference; lastKnownFileType = sourcecode.c.objc; path = main.m; sourceTree = "<group>"; };
		62C94367193AEC5300A929FD /* LMGeocoder-Prefix.pch */ = {isa = PBXFileReference; lastKnownFileType = sourcecode.c.h; path = "LMGeocoder-Prefix.pch"; sourceTree = "<group>"; };
		62C94368193AEC5300A929FD /* LMAppDelegate.h */ = {isa = PBXFileReference; lastKnownFileType = sourcecode.c.h; path = LMAppDelegate.h; sourceTree = "<group>"; };
		62C94369193AEC5300A929FD /* LMAppDelegate.m */ = {isa = PBXFileReference; lastKnownFileType = sourcecode.c.objc; path = LMAppDelegate.m; sourceTree = "<group>"; };
		62C9436E193AEC5300A929FD /* LMViewController.h */ = {isa = PBXFileReference; lastKnownFileType = sourcecode.c.h; path = LMViewController.h; sourceTree = "<group>"; };
		62C9436F193AEC5300A929FD /* LMViewController.m */ = {isa = PBXFileReference; lastKnownFileType = sourcecode.c.objc; path = LMViewController.m; sourceTree = "<group>"; };
		62C94371193AEC5300A929FD /* Images.xcassets */ = {isa = PBXFileReference; lastKnownFileType = folder.assetcatalog; path = Images.xcassets; sourceTree = "<group>"; };
		62C9438F193AF00100A929FD /* LMAddress.h */ = {isa = PBXFileReference; fileEncoding = 4; lastKnownFileType = sourcecode.c.h; path = LMAddress.h; sourceTree = "<group>"; };
		62C94390193AF00100A929FD /* LMAddress.m */ = {isa = PBXFileReference; fileEncoding = 4; lastKnownFileType = sourcecode.c.objc; path = LMAddress.m; sourceTree = "<group>"; };
		62C94391193AF00100A929FD /* LMGeocoder.h */ = {isa = PBXFileReference; fileEncoding = 4; lastKnownFileType = sourcecode.c.h; path = LMGeocoder.h; sourceTree = "<group>"; };
		62C94392193AF00100A929FD /* LMGeocoder.m */ = {isa = PBXFileReference; fileEncoding = 4; lastKnownFileType = sourcecode.c.objc; path = LMGeocoder.m; sourceTree = "<group>"; };
		62C943A6193B25CF00A929FD /* CoreLocation.framework */ = {isa = PBXFileReference; lastKnownFileType = wrapper.framework; name = CoreLocation.framework; path = System/Library/Frameworks/CoreLocation.framework; sourceTree = SDKROOT; };
		62C943A8193B316200A929FD /* AVFoundation.framework */ = {isa = PBXFileReference; lastKnownFileType = wrapper.framework; name = AVFoundation.framework; path = System/Library/Frameworks/AVFoundation.framework; sourceTree = SDKROOT; };
		BB49FC96216F6EBE00B57D26 /* LMGeocoderFramework.framework */ = {isa = PBXFileReference; explicitFileType = wrapper.framework; includeInIndex = 0; path = LMGeocoderFramework.framework; sourceTree = BUILT_PRODUCTS_DIR; };
		BB49FC98216F6EBE00B57D26 /* LMGeocoderFramework.h */ = {isa = PBXFileReference; lastKnownFileType = sourcecode.c.h; path = LMGeocoderFramework.h; sourceTree = "<group>"; };
		BB49FC99216F6EBE00B57D26 /* Info.plist */ = {isa = PBXFileReference; lastKnownFileType = text.plist.xml; path = Info.plist; sourceTree = "<group>"; };
/* End PBXFileReference section */

/* Begin PBXFrameworksBuildPhase section */
		62C94353193AEC5300A929FD /* Frameworks */ = {
			isa = PBXFrameworksBuildPhase;
			buildActionMask = 2147483647;
			files = (
				62C943A9193B316200A929FD /* AVFoundation.framework in Frameworks */,
				62C943A7193B25CF00A929FD /* CoreLocation.framework in Frameworks */,
				62C9435C193AEC5300A929FD /* CoreGraphics.framework in Frameworks */,
				62C9435E193AEC5300A929FD /* UIKit.framework in Frameworks */,
				BB49FC9D216F6EBE00B57D26 /* LMGeocoderFramework.framework in Frameworks */,
				62C9435A193AEC5300A929FD /* Foundation.framework in Frameworks */,
			);
			runOnlyForDeploymentPostprocessing = 0;
		};
		BB49FC93216F6EBE00B57D26 /* Frameworks */ = {
			isa = PBXFrameworksBuildPhase;
			buildActionMask = 2147483647;
			files = (
			);
			runOnlyForDeploymentPostprocessing = 0;
		};
/* End PBXFrameworksBuildPhase section */

/* Begin PBXGroup section */
		5CA6F41C1BFED00000BF7C86 /* Vender */ = {
			isa = PBXGroup;
			children = (
				5CA6F4191BFECF8300BF7C86 /* LMLabel.h */,
				5CA6F41A1BFECF8300BF7C86 /* LMLabel.m */,
			);
			name = Vender;
			sourceTree = "<group>";
		};
		62C9434D193AEC5300A929FD = {
			isa = PBXGroup;
			children = (
				62C9435F193AEC5300A929FD /* LMGeocoder */,
				BB49FC97216F6EBE00B57D26 /* LMGeocoderFramework */,
				62C94358193AEC5300A929FD /* Frameworks */,
				62C94357193AEC5300A929FD /* Products */,
			);
			sourceTree = "<group>";
		};
		62C94357193AEC5300A929FD /* Products */ = {
			isa = PBXGroup;
			children = (
				62C94356193AEC5300A929FD /* LMGeocoder.app */,
				BB49FC96216F6EBE00B57D26 /* LMGeocoderFramework.framework */,
			);
			name = Products;
			sourceTree = "<group>";
		};
		62C94358193AEC5300A929FD /* Frameworks */ = {
			isa = PBXGroup;
			children = (
				62C943A8193B316200A929FD /* AVFoundation.framework */,
				62C943A6193B25CF00A929FD /* CoreLocation.framework */,
				62C94359193AEC5300A929FD /* Foundation.framework */,
				62C9435B193AEC5300A929FD /* CoreGraphics.framework */,
				62C9435D193AEC5300A929FD /* UIKit.framework */,
			);
			name = Frameworks;
			sourceTree = "<group>";
		};
		62C9435F193AEC5300A929FD /* LMGeocoder */ = {
			isa = PBXGroup;
			children = (
				62C94368193AEC5300A929FD /* LMAppDelegate.h */,
				62C94369193AEC5300A929FD /* LMAppDelegate.m */,
				62C9436E193AEC5300A929FD /* LMViewController.h */,
				62C9436F193AEC5300A929FD /* LMViewController.m */,
				402393B81BC5FDCA00FD5347 /* Main.storyboard */,
				5CA6F41C1BFED00000BF7C86 /* Vender */,
				62C94360193AEC5300A929FD /* Supporting Files */,
			);
			path = LMGeocoder;
			sourceTree = "<group>";
		};
		62C94360193AEC5300A929FD /* Supporting Files */ = {
			isa = PBXGroup;
			children = (
				402393BA1BC6018500FD5347 /* Launch.storyboard */,
				62C94371193AEC5300A929FD /* Images.xcassets */,
				62C94361193AEC5300A929FD /* LMGeocoder-Info.plist */,
				62C94362193AEC5300A929FD /* InfoPlist.strings */,
				62C94365193AEC5300A929FD /* main.m */,
				62C94367193AEC5300A929FD /* LMGeocoder-Prefix.pch */,
			);
			name = "Supporting Files";
			sourceTree = "<group>";
		};
		BB49FC97216F6EBE00B57D26 /* LMGeocoderFramework */ = {
			isa = PBXGroup;
			children = (
				62C94391193AF00100A929FD /* LMGeocoder.h */,
				62C94392193AF00100A929FD /* LMGeocoder.m */,
				62C9438F193AF00100A929FD /* LMAddress.h */,
				62C94390193AF00100A929FD /* LMAddress.m */,
				BB49FC98216F6EBE00B57D26 /* LMGeocoderFramework.h */,
				BB49FC99216F6EBE00B57D26 /* Info.plist */,
			);
			path = LMGeocoderFramework;
			sourceTree = "<group>";
		};
/* End PBXGroup section */

/* Begin PBXHeadersBuildPhase section */
		BB49FC91216F6EBE00B57D26 /* Headers */ = {
			isa = PBXHeadersBuildPhase;
			buildActionMask = 2147483647;
			files = (
				BB49FC9A216F6EBE00B57D26 /* LMGeocoderFramework.h in Headers */,
				BB49FCA5216F6F6C00B57D26 /* LMGeocoder.h in Headers */,
				BB49FCA6216F6F6C00B57D26 /* LMAddress.h in Headers */,
			);
			runOnlyForDeploymentPostprocessing = 0;
		};
/* End PBXHeadersBuildPhase section */

/* Begin PBXNativeTarget section */
		62C94355193AEC5300A929FD /* LMGeocoder */ = {
			isa = PBXNativeTarget;
			buildConfigurationList = 62C94388193AEC5300A929FD /* Build configuration list for PBXNativeTarget "LMGeocoder" */;
			buildPhases = (
				62C94352193AEC5300A929FD /* Sources */,
				62C94353193AEC5300A929FD /* Frameworks */,
				62C94354193AEC5300A929FD /* Resources */,
				BB49FCA2216F6EBE00B57D26 /* Embed Frameworks */,
			);
			buildRules = (
			);
			dependencies = (
				BB49FC9C216F6EBE00B57D26 /* PBXTargetDependency */,
			);
			name = LMGeocoder;
			productName = LMGeocoder;
			productReference = 62C94356193AEC5300A929FD /* LMGeocoder.app */;
			productType = "com.apple.product-type.application";
		};
		BB49FC95216F6EBE00B57D26 /* LMGeocoderFramework */ = {
			isa = PBXNativeTarget;
			buildConfigurationList = BB49FCA1216F6EBE00B57D26 /* Build configuration list for PBXNativeTarget "LMGeocoderFramework" */;
			buildPhases = (
				BB49FC91216F6EBE00B57D26 /* Headers */,
				BB49FC92216F6EBE00B57D26 /* Sources */,
				BB49FC93216F6EBE00B57D26 /* Frameworks */,
				BB49FC94216F6EBE00B57D26 /* Resources */,
			);
			buildRules = (
			);
			dependencies = (
			);
			name = LMGeocoderFramework;
			productName = LMGeocoderFramework;
			productReference = BB49FC96216F6EBE00B57D26 /* LMGeocoderFramework.framework */;
			productType = "com.apple.product-type.framework";
		};
/* End PBXNativeTarget section */

/* Begin PBXProject section */
		62C9434E193AEC5300A929FD /* Project object */ = {
			isa = PBXProject;
			attributes = {
				CLASSPREFIX = LM;
				LastUpgradeCheck = 0700;
				ORGANIZATIONNAME = LMinh;
				TargetAttributes = {
					BB49FC95216F6EBE00B57D26 = {
						CreatedOnToolsVersion = 10.1;
						ProvisioningStyle = Automatic;
					};
				};
			};
			buildConfigurationList = 62C94351193AEC5300A929FD /* Build configuration list for PBXProject "LMGeocoder" */;
			compatibilityVersion = "Xcode 3.2";
			developmentRegion = English;
			hasScannedForEncodings = 0;
			knownRegions = (
				en,
				Base,
			);
			mainGroup = 62C9434D193AEC5300A929FD;
			productRefGroup = 62C94357193AEC5300A929FD /* Products */;
			projectDirPath = "";
			projectRoot = "";
			targets = (
				62C94355193AEC5300A929FD /* LMGeocoder */,
				BB49FC95216F6EBE00B57D26 /* LMGeocoderFramework */,
			);
		};
/* End PBXProject section */

/* Begin PBXResourcesBuildPhase section */
		62C94354193AEC5300A929FD /* Resources */ = {
			isa = PBXResourcesBuildPhase;
			buildActionMask = 2147483647;
			files = (
				62C94372193AEC5300A929FD /* Images.xcassets in Resources */,
				402393BB1BC6018500FD5347 /* Launch.storyboard in Resources */,
				62C94364193AEC5300A929FD /* InfoPlist.strings in Resources */,
				402393B91BC5FDCA00FD5347 /* Main.storyboard in Resources */,
			);
			runOnlyForDeploymentPostprocessing = 0;
		};
		BB49FC94216F6EBE00B57D26 /* Resources */ = {
			isa = PBXResourcesBuildPhase;
			buildActionMask = 2147483647;
			files = (
			);
			runOnlyForDeploymentPostprocessing = 0;
		};
/* End PBXResourcesBuildPhase section */

/* Begin PBXSourcesBuildPhase section */
		62C94352193AEC5300A929FD /* Sources */ = {
			isa = PBXSourcesBuildPhase;
			buildActionMask = 2147483647;
			files = (
				62C94366193AEC5300A929FD /* main.m in Sources */,
				5CA6F41B1BFECF8300BF7C86 /* LMLabel.m in Sources */,
				62C9436A193AEC5300A929FD /* LMAppDelegate.m in Sources */,
				62C94370193AEC5300A929FD /* LMViewController.m in Sources */,
			);
			runOnlyForDeploymentPostprocessing = 0;
		};
		BB49FC92216F6EBE00B57D26 /* Sources */ = {
			isa = PBXSourcesBuildPhase;
			buildActionMask = 2147483647;
			files = (
				BB49FCA4216F6ED300B57D26 /* LMGeocoder.m in Sources */,
				BB49FCA3216F6ED300B57D26 /* LMAddress.m in Sources */,
			);
			runOnlyForDeploymentPostprocessing = 0;
		};
/* End PBXSourcesBuildPhase section */

/* Begin PBXTargetDependency section */
		BB49FC9C216F6EBE00B57D26 /* PBXTargetDependency */ = {
			isa = PBXTargetDependency;
			target = BB49FC95216F6EBE00B57D26 /* LMGeocoderFramework */;
			targetProxy = BB49FC9B216F6EBE00B57D26 /* PBXContainerItemProxy */;
		};
/* End PBXTargetDependency section */

/* Begin PBXVariantGroup section */
		62C94362193AEC5300A929FD /* InfoPlist.strings */ = {
			isa = PBXVariantGroup;
			children = (
				62C94363193AEC5300A929FD /* en */,
			);
			name = InfoPlist.strings;
			sourceTree = "<group>";
		};
/* End PBXVariantGroup section */

/* Begin XCBuildConfiguration section */
		62C94386193AEC5300A929FD /* Debug */ = {
			isa = XCBuildConfiguration;
			buildSettings = {
				ALWAYS_SEARCH_USER_PATHS = NO;
				CLANG_CXX_LANGUAGE_STANDARD = "gnu++0x";
				CLANG_CXX_LIBRARY = "libc++";
				CLANG_ENABLE_MODULES = YES;
				CLANG_ENABLE_OBJC_ARC = YES;
				CLANG_WARN_BOOL_CONVERSION = YES;
				CLANG_WARN_CONSTANT_CONVERSION = YES;
				CLANG_WARN_DIRECT_OBJC_ISA_USAGE = YES_ERROR;
				CLANG_WARN_EMPTY_BODY = YES;
				CLANG_WARN_ENUM_CONVERSION = YES;
				CLANG_WARN_INT_CONVERSION = YES;
				CLANG_WARN_OBJC_ROOT_CLASS = YES_ERROR;
				CLANG_WARN__DUPLICATE_METHOD_MATCH = YES;
				"CODE_SIGN_IDENTITY[sdk=iphoneos*]" = "iPhone Developer";
				COPY_PHASE_STRIP = NO;
				ENABLE_TESTABILITY = YES;
				GCC_C_LANGUAGE_STANDARD = gnu99;
				GCC_DYNAMIC_NO_PIC = NO;
				GCC_OPTIMIZATION_LEVEL = 0;
				GCC_PREPROCESSOR_DEFINITIONS = (
					"DEBUG=1",
					"$(inherited)",
				);
				GCC_SYMBOLS_PRIVATE_EXTERN = NO;
				GCC_WARN_64_TO_32_BIT_CONVERSION = YES;
				GCC_WARN_ABOUT_RETURN_TYPE = YES_ERROR;
				GCC_WARN_UNDECLARED_SELECTOR = YES;
				GCC_WARN_UNINITIALIZED_AUTOS = YES_AGGRESSIVE;
				GCC_WARN_UNUSED_FUNCTION = YES;
				GCC_WARN_UNUSED_VARIABLE = YES;
				IPHONEOS_DEPLOYMENT_TARGET = 7.0;
				ONLY_ACTIVE_ARCH = YES;
				SDKROOT = iphoneos;
			};
			name = Debug;
		};
		62C94387193AEC5300A929FD /* Release */ = {
			isa = XCBuildConfiguration;
			buildSettings = {
				ALWAYS_SEARCH_USER_PATHS = NO;
				CLANG_CXX_LANGUAGE_STANDARD = "gnu++0x";
				CLANG_CXX_LIBRARY = "libc++";
				CLANG_ENABLE_MODULES = YES;
				CLANG_ENABLE_OBJC_ARC = YES;
				CLANG_WARN_BOOL_CONVERSION = YES;
				CLANG_WARN_CONSTANT_CONVERSION = YES;
				CLANG_WARN_DIRECT_OBJC_ISA_USAGE = YES_ERROR;
				CLANG_WARN_EMPTY_BODY = YES;
				CLANG_WARN_ENUM_CONVERSION = YES;
				CLANG_WARN_INT_CONVERSION = YES;
				CLANG_WARN_OBJC_ROOT_CLASS = YES_ERROR;
				CLANG_WARN__DUPLICATE_METHOD_MATCH = YES;
				"CODE_SIGN_IDENTITY[sdk=iphoneos*]" = "iPhone Developer";
				COPY_PHASE_STRIP = YES;
				ENABLE_NS_ASSERTIONS = NO;
				GCC_C_LANGUAGE_STANDARD = gnu99;
				GCC_WARN_64_TO_32_BIT_CONVERSION = YES;
				GCC_WARN_ABOUT_RETURN_TYPE = YES_ERROR;
				GCC_WARN_UNDECLARED_SELECTOR = YES;
				GCC_WARN_UNINITIALIZED_AUTOS = YES_AGGRESSIVE;
				GCC_WARN_UNUSED_FUNCTION = YES;
				GCC_WARN_UNUSED_VARIABLE = YES;
				IPHONEOS_DEPLOYMENT_TARGET = 7.0;
				SDKROOT = iphoneos;
				VALIDATE_PRODUCT = YES;
			};
			name = Release;
		};
		62C94389193AEC5300A929FD /* Debug */ = {
			isa = XCBuildConfiguration;
			buildSettings = {
				ASSETCATALOG_COMPILER_APPICON_NAME = AppIcon;
				ASSETCATALOG_COMPILER_LAUNCHIMAGE_NAME = LaunchImage;
				CODE_SIGN_IDENTITY = "iPhone Developer";
				"CODE_SIGN_IDENTITY[sdk=iphoneos*]" = "iPhone Developer";
				GCC_PRECOMPILE_PREFIX_HEADER = YES;
				GCC_PREFIX_HEADER = "LMGeocoder/LMGeocoder-Prefix.pch";
				INFOPLIST_FILE = "LMGeocoder/LMGeocoder-Info.plist";
				LD_RUNPATH_SEARCH_PATHS = "$(inherited) @executable_path/Frameworks";
				PRODUCT_BUNDLE_IDENTIFIER = com.lminhtm.LMGeocoder;
				PRODUCT_NAME = "$(TARGET_NAME)";
				PROVISIONING_PROFILE = "";
				TARGETED_DEVICE_FAMILY = 1;
				WRAPPER_EXTENSION = app;
			};
			name = Debug;
		};
		62C9438A193AEC5300A929FD /* Release */ = {
			isa = XCBuildConfiguration;
			buildSettings = {
				ASSETCATALOG_COMPILER_APPICON_NAME = AppIcon;
				ASSETCATALOG_COMPILER_LAUNCHIMAGE_NAME = LaunchImage;
				CODE_SIGN_IDENTITY = "iPhone Developer";
				"CODE_SIGN_IDENTITY[sdk=iphoneos*]" = "iPhone Developer";
				GCC_PRECOMPILE_PREFIX_HEADER = YES;
				GCC_PREFIX_HEADER = "LMGeocoder/LMGeocoder-Prefix.pch";
				INFOPLIST_FILE = "LMGeocoder/LMGeocoder-Info.plist";
				LD_RUNPATH_SEARCH_PATHS = "$(inherited) @executable_path/Frameworks";
				PRODUCT_BUNDLE_IDENTIFIER = com.lminhtm.LMGeocoder;
				PRODUCT_NAME = "$(TARGET_NAME)";
				PROVISIONING_PROFILE = "";
				TARGETED_DEVICE_FAMILY = 1;
				WRAPPER_EXTENSION = app;
			};
			name = Release;
		};
		BB49FC9F216F6EBE00B57D26 /* Debug */ = {
			isa = XCBuildConfiguration;
			buildSettings = {
				CLANG_ANALYZER_NONNULL = YES;
				CLANG_ANALYZER_NUMBER_OBJECT_CONVERSION = YES_AGGRESSIVE;
				CLANG_CXX_LANGUAGE_STANDARD = "gnu++14";
				CLANG_ENABLE_OBJC_WEAK = YES;
				CLANG_WARN_BLOCK_CAPTURE_AUTORELEASING = YES;
				CLANG_WARN_COMMA = YES;
				CLANG_WARN_DEPRECATED_OBJC_IMPLEMENTATIONS = YES;
				CLANG_WARN_DOCUMENTATION_COMMENTS = YES;
				CLANG_WARN_INFINITE_RECURSION = YES;
				CLANG_WARN_NON_LITERAL_NULL_CONVERSION = YES;
				CLANG_WARN_OBJC_IMPLICIT_RETAIN_SELF = YES;
				CLANG_WARN_OBJC_LITERAL_CONVERSION = YES;
				CLANG_WARN_RANGE_LOOP_ANALYSIS = YES;
				CLANG_WARN_STRICT_PROTOTYPES = YES;
				CLANG_WARN_SUSPICIOUS_MOVE = YES;
				CLANG_WARN_UNGUARDED_AVAILABILITY = YES_AGGRESSIVE;
				CLANG_WARN_UNREACHABLE_CODE = YES;
				CODE_SIGN_IDENTITY = "iPhone Developer";
				"CODE_SIGN_IDENTITY[sdk=iphoneos*]" = "iPhone Developer";
				CODE_SIGN_STYLE = Automatic;
				CURRENT_PROJECT_VERSION = 1;
				DEBUG_INFORMATION_FORMAT = dwarf;
				DEFINES_MODULE = YES;
				DYLIB_COMPATIBILITY_VERSION = 1;
				DYLIB_CURRENT_VERSION = 1;
				DYLIB_INSTALL_NAME_BASE = "@rpath";
				ENABLE_STRICT_OBJC_MSGSEND = YES;
				GCC_C_LANGUAGE_STANDARD = gnu11;
				GCC_NO_COMMON_BLOCKS = YES;
				INFOPLIST_FILE = LMGeocoderFramework/Info.plist;
				INSTALL_PATH = "$(LOCAL_LIBRARY_DIR)/Frameworks";
				IPHONEOS_DEPLOYMENT_TARGET = 12.1;
				LD_RUNPATH_SEARCH_PATHS = "$(inherited) @executable_path/Frameworks @loader_path/Frameworks";
				MTL_ENABLE_DEBUG_INFO = INCLUDE_SOURCE;
				MTL_FAST_MATH = YES;
				PRODUCT_BUNDLE_IDENTIFIER = com.dh.LMGeocoderFramework;
				PRODUCT_NAME = "$(TARGET_NAME:c99extidentifier)";
				SKIP_INSTALL = YES;
				TARGETED_DEVICE_FAMILY = "1,2";
				VERSIONING_SYSTEM = "apple-generic";
				VERSION_INFO_PREFIX = "";
			};
			name = Debug;
		};
		BB49FCA0216F6EBE00B57D26 /* Release */ = {
			isa = XCBuildConfiguration;
			buildSettings = {
				CLANG_ANALYZER_NONNULL = YES;
				CLANG_ANALYZER_NUMBER_OBJECT_CONVERSION = YES_AGGRESSIVE;
				CLANG_CXX_LANGUAGE_STANDARD = "gnu++14";
				CLANG_ENABLE_OBJC_WEAK = YES;
				CLANG_WARN_BLOCK_CAPTURE_AUTORELEASING = YES;
				CLANG_WARN_COMMA = YES;
				CLANG_WARN_DEPRECATED_OBJC_IMPLEMENTATIONS = YES;
				CLANG_WARN_DOCUMENTATION_COMMENTS = YES;
				CLANG_WARN_INFINITE_RECURSION = YES;
				CLANG_WARN_NON_LITERAL_NULL_CONVERSION = YES;
				CLANG_WARN_OBJC_IMPLICIT_RETAIN_SELF = YES;
				CLANG_WARN_OBJC_LITERAL_CONVERSION = YES;
				CLANG_WARN_RANGE_LOOP_ANALYSIS = YES;
				CLANG_WARN_STRICT_PROTOTYPES = YES;
				CLANG_WARN_SUSPICIOUS_MOVE = YES;
				CLANG_WARN_UNGUARDED_AVAILABILITY = YES_AGGRESSIVE;
				CLANG_WARN_UNREACHABLE_CODE = YES;
				CODE_SIGN_IDENTITY = "iPhone Developer";
				"CODE_SIGN_IDENTITY[sdk=iphoneos*]" = "iPhone Developer";
				CODE_SIGN_STYLE = Automatic;
				COPY_PHASE_STRIP = NO;
				CURRENT_PROJECT_VERSION = 1;
				DEBUG_INFORMATION_FORMAT = "dwarf-with-dsym";
				DEFINES_MODULE = YES;
				DYLIB_COMPATIBILITY_VERSION = 1;
				DYLIB_CURRENT_VERSION = 1;
				DYLIB_INSTALL_NAME_BASE = "@rpath";
				ENABLE_STRICT_OBJC_MSGSEND = YES;
				GCC_C_LANGUAGE_STANDARD = gnu11;
				GCC_NO_COMMON_BLOCKS = YES;
				INFOPLIST_FILE = LMGeocoderFramework/Info.plist;
				INSTALL_PATH = "$(LOCAL_LIBRARY_DIR)/Frameworks";
				IPHONEOS_DEPLOYMENT_TARGET = 12.1;
				LD_RUNPATH_SEARCH_PATHS = "$(inherited) @executable_path/Frameworks @loader_path/Frameworks";
				MTL_ENABLE_DEBUG_INFO = NO;
				MTL_FAST_MATH = YES;
				PRODUCT_BUNDLE_IDENTIFIER = com.dh.LMGeocoderFramework;
				PRODUCT_NAME = "$(TARGET_NAME:c99extidentifier)";
				SKIP_INSTALL = YES;
				TARGETED_DEVICE_FAMILY = "1,2";
				VERSIONING_SYSTEM = "apple-generic";
				VERSION_INFO_PREFIX = "";
			};
			name = Release;
		};
/* End XCBuildConfiguration section */

/* Begin XCConfigurationList section */
		62C94351193AEC5300A929FD /* Build configuration list for PBXProject "LMGeocoder" */ = {
			isa = XCConfigurationList;
			buildConfigurations = (
				62C94386193AEC5300A929FD /* Debug */,
				62C94387193AEC5300A929FD /* Release */,
			);
			defaultConfigurationIsVisible = 0;
			defaultConfigurationName = Release;
		};
		62C94388193AEC5300A929FD /* Build configuration list for PBXNativeTarget "LMGeocoder" */ = {
			isa = XCConfigurationList;
			buildConfigurations = (
				62C94389193AEC5300A929FD /* Debug */,
				62C9438A193AEC5300A929FD /* Release */,
			);
			defaultConfigurationIsVisible = 0;
			defaultConfigurationName = Release;
		};
		BB49FCA1216F6EBE00B57D26 /* Build configuration list for PBXNativeTarget "LMGeocoderFramework" */ = {
			isa = XCConfigurationList;
			buildConfigurations = (
				BB49FC9F216F6EBE00B57D26 /* Debug */,
				BB49FCA0216F6EBE00B57D26 /* Release */,
			);
			defaultConfigurationIsVisible = 0;
			defaultConfigurationName = Release;
		};
/* End XCConfigurationList section */
	};
	rootObject = 62C9434E193AEC5300A929FD /* Project object */;
}
